PODS:
  - GFayeSwift (0.5.7):
    - Starscream (~> 3.1.0)
    - SwiftyJSON (~> 5.0.0)
  - Starscream (3.1.0)
  - SwiftyJSON (5.0.0)

DEPENDENCIES:
  - GFayeSwift (from `../`)

SPEC REPOS:
  https://github.com/CocoaPods/Specs.git:
    - Starscream
    - SwiftyJSON

EXTERNAL SOURCES:
  GFayeSwift:
    :path: "../"

SPEC CHECKSUMS:
  GFayeSwift: 8ac38eeafeb37f9002e3c6402ab883aae144748b
  Starscream: 08172b481e145289c4930cb567230fb55897cfa4
  SwiftyJSON: 36413e04c44ee145039d332b4f4e2d3e8d6c4db7

PODFILE CHECKSUM: 7c198651615b77b7caa39b842903cd5ffb5b8b95

COCOAPODS: 1.12.1
